// !$*UTF8*$!
{
	archiveVersion = 1;
	classes = {
	};
	objectVersion = 55;
	objects = {

/* Begin PBXBuildFile section */
		5B17F23226703D0600516E62 /* GitHubDataServiceTests.swift in Sources */ = {isa = PBXBuildFile; fileRef = 5B17F23126703D0600516E62 /* GitHubDataServiceTests.swift */; };
		5B17F23A26703DE400516E62 /* AwaitTests.swift in Sources */ = {isa = PBXBuildFile; fileRef = 5B17F23926703DE400516E62 /* AwaitTests.swift */; };
		5B3F7EB3266FA6BC0056BC48 /* RepoListViewModel.swift in Sources */ = {isa = PBXBuildFile; fileRef = 5B3F7EB2266FA6BC0056BC48 /* RepoListViewModel.swift */; };
		5B3F7EB5266FA6C80056BC48 /* RepoListView.swift in Sources */ = {isa = PBXBuildFile; fileRef = 5B3F7EB4266FA6C80056BC48 /* RepoListView.swift */; };
		5B3F7EB8266FA7260056BC48 /* RepoCell.swift in Sources */ = {isa = PBXBuildFile; fileRef = 5B3F7EB7266FA7260056BC48 /* RepoCell.swift */; };
		5B3F7EBA266FA9CA0056BC48 /* Repository.swift in Sources */ = {isa = PBXBuildFile; fileRef = 5B3F7EB9266FA9CA0056BC48 /* Repository.swift */; };
		5B3F7EBF266FDAFE0056BC48 /* RepoView.swift in Sources */ = {isa = PBXBuildFile; fileRef = 5B3F7EBE266FDAFD0056BC48 /* RepoView.swift */; };
		5B3F7EC1266FEA880056BC48 /* UserSelectionView.swift in Sources */ = {isa = PBXBuildFile; fileRef = 5B3F7EC0266FEA880056BC48 /* UserSelectionView.swift */; };
		5B3F7EC3266FEDD30056BC48 /* GitHubDataservice.swift in Sources */ = {isa = PBXBuildFile; fileRef = 5B3F7EC2266FEDD30056BC48 /* GitHubDataservice.swift */; };
		5B3F7EC5266FF0040056BC48 /* UserSelectionViewModel.swift in Sources */ = {isa = PBXBuildFile; fileRef = 5B3F7EC4266FF0040056BC48 /* UserSelectionViewModel.swift */; };
		5BF5EEAD266FA32D000838FC /* AwaitApp.swift in Sources */ = {isa = PBXBuildFile; fileRef = 5BF5EEAC266FA32D000838FC /* AwaitApp.swift */; };
		5BF5EEAF266FA32D000838FC /* Router.swift in Sources */ = {isa = PBXBuildFile; fileRef = 5BF5EEAE266FA32D000838FC /* Router.swift */; };
		5BF5EEB1266FA330000838FC /* Assets.xcassets in Resources */ = {isa = PBXBuildFile; fileRef = 5BF5EEB0266FA330000838FC /* Assets.xcassets */; };
		5BF5EEB4266FA330000838FC /* Preview Assets.xcassets in Resources */ = {isa = PBXBuildFile; fileRef = 5BF5EEB3266FA330000838FC /* Preview Assets.xcassets */; };
/* End PBXBuildFile section */

/* Begin PBXContainerItemProxy section */
		5B17F23B26703DE400516E62 /* PBXContainerItemProxy */ = {
			isa = PBXContainerItemProxy;
			containerPortal = 5BF5EEA1266FA32D000838FC /* Project object */;
			proxyType = 1;
			remoteGlobalIDString = 5BF5EEA8266FA32D000838FC;
			remoteInfo = Await;
		};
/* End PBXContainerItemProxy section */

/* Begin PBXFileReference section */
		5B17F23126703D0600516E62 /* GitHubDataServiceTests.swift */ = {isa = PBXFileReference; lastKnownFileType = sourcecode.swift; path = GitHubDataServiceTests.swift; sourceTree = "<group>"; };
		5B17F23726703DE400516E62 /* AwaitTests.xctest */ = {isa = PBXFileReference; explicitFileType = wrapper.cfbundle; includeInIndex = 0; path = AwaitTests.xctest; sourceTree = BUILT_PRODUCTS_DIR; };
		5B17F23926703DE400516E62 /* AwaitTests.swift */ = {isa = PBXFileReference; lastKnownFileType = sourcecode.swift; path = AwaitTests.swift; sourceTree = "<group>"; };
		5B3F7EB2266FA6BC0056BC48 /* RepoListViewModel.swift */ = {isa = PBXFileReference; lastKnownFileType = sourcecode.swift; path = RepoListViewModel.swift; sourceTree = "<group>"; };
		5B3F7EB4266FA6C80056BC48 /* RepoListView.swift */ = {isa = PBXFileReference; lastKnownFileType = sourcecode.swift; path = RepoListView.swift; sourceTree = "<group>"; };
		5B3F7EB7266FA7260056BC48 /* RepoCell.swift */ = {isa = PBXFileReference; lastKnownFileType = sourcecode.swift; path = RepoCell.swift; sourceTree = "<group>"; };
		5B3F7EB9266FA9CA0056BC48 /* Repository.swift */ = {isa = PBXFileReference; lastKnownFileType = sourcecode.swift; path = Repository.swift; sourceTree = "<group>"; };
		5B3F7EBE266FDAFD0056BC48 /* RepoView.swift */ = {isa = PBXFileReference; lastKnownFileType = sourcecode.swift; path = RepoView.swift; sourceTree = "<group>"; };
		5B3F7EC0266FEA880056BC48 /* UserSelectionView.swift */ = {isa = PBXFileReference; lastKnownFileType = sourcecode.swift; path = UserSelectionView.swift; sourceTree = "<group>"; };
		5B3F7EC2266FEDD30056BC48 /* GitHubDataservice.swift */ = {isa = PBXFileReference; lastKnownFileType = sourcecode.swift; path = GitHubDataservice.swift; sourceTree = "<group>"; };
		5B3F7EC4266FF0040056BC48 /* UserSelectionViewModel.swift */ = {isa = PBXFileReference; lastKnownFileType = sourcecode.swift; path = UserSelectionViewModel.swift; sourceTree = "<group>"; };
		5BF5EEA9266FA32D000838FC /* Await.app */ = {isa = PBXFileReference; explicitFileType = wrapper.application; includeInIndex = 0; path = Await.app; sourceTree = BUILT_PRODUCTS_DIR; };
		5BF5EEAC266FA32D000838FC /* AwaitApp.swift */ = {isa = PBXFileReference; lastKnownFileType = sourcecode.swift; path = AwaitApp.swift; sourceTree = "<group>"; };
		5BF5EEAE266FA32D000838FC /* Router.swift */ = {isa = PBXFileReference; lastKnownFileType = sourcecode.swift; path = Router.swift; sourceTree = "<group>"; };
		5BF5EEB0266FA330000838FC /* Assets.xcassets */ = {isa = PBXFileReference; lastKnownFileType = folder.assetcatalog; path = Assets.xcassets; sourceTree = "<group>"; };
		5BF5EEB3266FA330000838FC /* Preview Assets.xcassets */ = {isa = PBXFileReference; lastKnownFileType = folder.assetcatalog; path = "Preview Assets.xcassets"; sourceTree = "<group>"; };
/* End PBXFileReference section */

/* Begin PBXFrameworksBuildPhase section */
		5B17F23426703DE400516E62 /* Frameworks */ = {
			isa = PBXFrameworksBuildPhase;
			buildActionMask = 2147483647;
			files = (
			);
			runOnlyForDeploymentPostprocessing = 0;
		};
		5BF5EEA6266FA32D000838FC /* Frameworks */ = {
			isa = PBXFrameworksBuildPhase;
			buildActionMask = 2147483647;
			files = (
			);
			runOnlyForDeploymentPostprocessing = 0;
		};
/* End PBXFrameworksBuildPhase section */

/* Begin PBXGroup section */
		5B17F23826703DE400516E62 /* AwaitTests */ = {
			isa = PBXGroup;
			children = (
				5B17F23926703DE400516E62 /* AwaitTests.swift */,
			);
			path = AwaitTests;
			sourceTree = "<group>";
		};
		5B3F7EB6266FA6CC0056BC48 /* Components */ = {
			isa = PBXGroup;
			children = (
				5B3F7EB7266FA7260056BC48 /* RepoCell.swift */,
			);
			path = Components;
			sourceTree = "<group>";
		};
		5B3F7EBD266FAC840056BC48 /* Services */ = {
			isa = PBXGroup;
			children = (
				5B3F7EC2266FEDD30056BC48 /* GitHubDataservice.swift */,
				5B17F23126703D0600516E62 /* GitHubDataServiceTests.swift */,
			);
			path = Services;
			sourceTree = "<group>";
		};
		5BF5EEA0266FA32D000838FC = {
			isa = PBXGroup;
			children = (
				5BF5EEAB266FA32D000838FC /* Await */,
				5B17F23826703DE400516E62 /* AwaitTests */,
				5BF5EEAA266FA32D000838FC /* Products */,
			);
			sourceTree = "<group>";
		};
		5BF5EEAA266FA32D000838FC /* Products */ = {
			isa = PBXGroup;
			children = (
				5BF5EEA9266FA32D000838FC /* Await.app */,
				5B17F23726703DE400516E62 /* AwaitTests.xctest */,
			);
			name = Products;
			sourceTree = "<group>";
		};
		5BF5EEAB266FA32D000838FC /* Await */ = {
			isa = PBXGroup;
			children = (
				5B3F7EBD266FAC840056BC48 /* Services */,
				5BF5EEBC266FA369000838FC /* Models */,
				5BF5EEBB266FA362000838FC /* Views */,
				5BF5EEBA266FA35C000838FC /* ViewModels */,
				5BF5EEAC266FA32D000838FC /* AwaitApp.swift */,
				5BF5EEAE266FA32D000838FC /* Router.swift */,
				5BF5EEB0266FA330000838FC /* Assets.xcassets */,
				5BF5EEB2266FA330000838FC /* Preview Content */,
			);
			path = Await;
			sourceTree = "<group>";
		};
		5BF5EEB2266FA330000838FC /* Preview Content */ = {
			isa = PBXGroup;
			children = (
				5BF5EEB3266FA330000838FC /* Preview Assets.xcassets */,
			);
			path = "Preview Content";
			sourceTree = "<group>";
		};
		5BF5EEBA266FA35C000838FC /* ViewModels */ = {
			isa = PBXGroup;
			children = (
				5B3F7EB2266FA6BC0056BC48 /* RepoListViewModel.swift */,
				5B3F7EC4266FF0040056BC48 /* UserSelectionViewModel.swift */,
			);
			path = ViewModels;
			sourceTree = "<group>";
		};
		5BF5EEBB266FA362000838FC /* Views */ = {
			isa = PBXGroup;
			children = (
				5B3F7EB6266FA6CC0056BC48 /* Components */,
				5B3F7EB4266FA6C80056BC48 /* RepoListView.swift */,
				5B3F7EBE266FDAFD0056BC48 /* RepoView.swift */,
				5B3F7EC0266FEA880056BC48 /* UserSelectionView.swift */,
			);
			path = Views;
			sourceTree = "<group>";
		};
		5BF5EEBC266FA369000838FC /* Models */ = {
			isa = PBXGroup;
			children = (
				5B3F7EB9266FA9CA0056BC48 /* Repository.swift */,
			);
			path = Models;
			sourceTree = "<group>";
		};
/* End PBXGroup section */

/* Begin PBXNativeTarget section */
		5B17F23626703DE400516E62 /* AwaitTests */ = {
			isa = PBXNativeTarget;
			buildConfigurationList = 5B17F23D26703DE400516E62 /* Build configuration list for PBXNativeTarget "AwaitTests" */;
			buildPhases = (
				5B17F23326703DE400516E62 /* Sources */,
				5B17F23426703DE400516E62 /* Frameworks */,
				5B17F23526703DE400516E62 /* Resources */,
			);
			buildRules = (
			);
			dependencies = (
				5B17F23C26703DE400516E62 /* PBXTargetDependency */,
			);
			name = AwaitTests;
			productName = AwaitTests;
			productReference = 5B17F23726703DE400516E62 /* AwaitTests.xctest */;
			productType = "com.apple.product-type.bundle.unit-test";
		};
		5BF5EEA8266FA32D000838FC /* Await */ = {
			isa = PBXNativeTarget;
			buildConfigurationList = 5BF5EEB7266FA330000838FC /* Build configuration list for PBXNativeTarget "Await" */;
			buildPhases = (
				5BF5EEA5266FA32D000838FC /* Sources */,
				5BF5EEA6266FA32D000838FC /* Frameworks */,
				5BF5EEA7266FA32D000838FC /* Resources */,
			);
			buildRules = (
			);
			dependencies = (
			);
			name = Await;
			productName = Await;
			productReference = 5BF5EEA9266FA32D000838FC /* Await.app */;
			productType = "com.apple.product-type.application";
		};
/* End PBXNativeTarget section */

/* Begin PBXProject section */
		5BF5EEA1266FA32D000838FC /* Project object */ = {
			isa = PBXProject;
			attributes = {
				BuildIndependentTargetsInParallel = 1;
				LastSwiftUpdateCheck = 1300;
				LastUpgradeCheck = 1300;
				TargetAttributes = {
					5B17F23626703DE400516E62 = {
						CreatedOnToolsVersion = 13.0;
						TestTargetID = 5BF5EEA8266FA32D000838FC;
					};
					5BF5EEA8266FA32D000838FC = {
						CreatedOnToolsVersion = 13.0;
					};
				};
			};
			buildConfigurationList = 5BF5EEA4266FA32D000838FC /* Build configuration list for PBXProject "Await" */;
			compatibilityVersion = "Xcode 13.0";
			developmentRegion = en;
			hasScannedForEncodings = 0;
			knownRegions = (
				en,
				Base,
			);
			mainGroup = 5BF5EEA0266FA32D000838FC;
			productRefGroup = 5BF5EEAA266FA32D000838FC /* Products */;
			projectDirPath = "";
			projectRoot = "";
			targets = (
				5BF5EEA8266FA32D000838FC /* Await */,
				5B17F23626703DE400516E62 /* AwaitTests */,
			);
		};
/* End PBXProject section */

/* Begin PBXResourcesBuildPhase section */
		5B17F23526703DE400516E62 /* Resources */ = {
			isa = PBXResourcesBuildPhase;
			buildActionMask = 2147483647;
			files = (
			);
			runOnlyForDeploymentPostprocessing = 0;
		};
		5BF5EEA7266FA32D000838FC /* Resources */ = {
			isa = PBXResourcesBuildPhase;
			buildActionMask = 2147483647;
			files = (
				5BF5EEB4266FA330000838FC /* Preview Assets.xcassets in Resources */,
				5BF5EEB1266FA330000838FC /* Assets.xcassets in Resources */,
			);
			runOnlyForDeploymentPostprocessing = 0;
		};
/* End PBXResourcesBuildPhase section */

/* Begin PBXSourcesBuildPhase section */
		5B17F23326703DE400516E62 /* Sources */ = {
			isa = PBXSourcesBuildPhase;
			buildActionMask = 2147483647;
			files = (
				5B17F23A26703DE400516E62 /* AwaitTests.swift in Sources */,
			);
			runOnlyForDeploymentPostprocessing = 0;
		};
		5BF5EEA5266FA32D000838FC /* Sources */ = {
			isa = PBXSourcesBuildPhase;
			buildActionMask = 2147483647;
			files = (
				5B3F7EC5266FF0040056BC48 /* UserSelectionViewModel.swift in Sources */,
				5B3F7EB8266FA7260056BC48 /* RepoCell.swift in Sources */,
				5B3F7EC3266FEDD30056BC48 /* GitHubDataservice.swift in Sources */,
				5B3F7EBF266FDAFE0056BC48 /* RepoView.swift in Sources */,
				5B3F7EC1266FEA880056BC48 /* UserSelectionView.swift in Sources */,
				5BF5EEAF266FA32D000838FC /* Router.swift in Sources */,
				5BF5EEAD266FA32D000838FC /* AwaitApp.swift in Sources */,
				5B3F7EB5266FA6C80056BC48 /* RepoListView.swift in Sources */,
				5B3F7EB3266FA6BC0056BC48 /* RepoListViewModel.swift in Sources */,
				5B3F7EBA266FA9CA0056BC48 /* Repository.swift in Sources */,
				5B17F23226703D0600516E62 /* GitHubDataServiceTests.swift in Sources */,
			);
			runOnlyForDeploymentPostprocessing = 0;
		};
/* End PBXSourcesBuildPhase section */

/* Begin PBXTargetDependency section */
		5B17F23C26703DE400516E62 /* PBXTargetDependency */ = {
			isa = PBXTargetDependency;
			target = 5BF5EEA8266FA32D000838FC /* Await */;
			targetProxy = 5B17F23B26703DE400516E62 /* PBXContainerItemProxy */;
		};
/* End PBXTargetDependency section */

/* Begin XCBuildConfiguration section */
		5B17F23E26703DE400516E62 /* Debug */ = {
			isa = XCBuildConfiguration;
			buildSettings = {
				BUNDLE_LOADER = "$(TEST_HOST)";
				CODE_SIGN_STYLE = Automatic;
				CURRENT_PROJECT_VERSION = 1;
				DEVELOPMENT_TEAM = WK7599VNDW;
				GENERATE_INFOPLIST_FILE = YES;
				LD_RUNPATH_SEARCH_PATHS = (
					"$(inherited)",
					"@executable_path/Frameworks",
					"@loader_path/Frameworks",
				);
				MARKETING_VERSION = 1.0;
				PRODUCT_BUNDLE_IDENTIFIER = com.gbrlcm.AwaitTests;
				PRODUCT_NAME = "$(TARGET_NAME)";
				SWIFT_EMIT_LOC_STRINGS = NO;
				SWIFT_VERSION = 5.0;
				TARGETED_DEVICE_FAMILY = "1,2";
				TEST_HOST = "$(BUILT_PRODUCTS_DIR)/Await.app/Await";
			};
			name = Debug;
		};
		5B17F23F26703DE400516E62 /* Release */ = {
			isa = XCBuildConfiguration;
			buildSettings = {
				BUNDLE_LOADER = "$(TEST_HOST)";
				CODE_SIGN_STYLE = Automatic;
				CURRENT_PROJECT_VERSION = 1;
				DEVELOPMENT_TEAM = WK7599VNDW;
				GENERATE_INFOPLIST_FILE = YES;
				LD_RUNPATH_SEARCH_PATHS = (
					"$(inherited)",
					"@executable_path/Frameworks",
					"@loader_path/Frameworks",
				);
				MARKETING_VERSION = 1.0;
				PRODUCT_BUNDLE_IDENTIFIER = com.gbrlcm.AwaitTests;
				PRODUCT_NAME = "$(TARGET_NAME)";
				SWIFT_EMIT_LOC_STRINGS = NO;
				SWIFT_VERSION = 5.0;
				TARGETED_DEVICE_FAMILY = "1,2";
				TEST_HOST = "$(BUILT_PRODUCTS_DIR)/Await.app/Await";
			};
			name = Release;
		};
		5BF5EEB5266FA330000838FC /* Debug */ = {
			isa = XCBuildConfiguration;
			buildSettings = {
				ALWAYS_SEARCH_USER_PATHS = NO;
				CLANG_ANALYZER_NONNULL = YES;
				CLANG_ANALYZER_NUMBER_OBJECT_CONVERSION = YES_AGGRESSIVE;
				CLANG_CXX_LANGUAGE_STANDARD = "gnu++14";
				CLANG_CXX_LIBRARY = "libc++";
				CLANG_ENABLE_MODULES = YES;
				CLANG_ENABLE_OBJC_ARC = YES;
				CLANG_ENABLE_OBJC_WEAK = YES;
				CLANG_WARN_BLOCK_CAPTURE_AUTORELEASING = YES;
				CLANG_WARN_BOOL_CONVERSION = YES;
				CLANG_WARN_COMMA = YES;
				CLANG_WARN_CONSTANT_CONVERSION = YES;
				CLANG_WARN_DEPRECATED_OBJC_IMPLEMENTATIONS = YES;
				CLANG_WARN_DIRECT_OBJC_ISA_USAGE = YES_ERROR;
				CLANG_WARN_DOCUMENTATION_COMMENTS = YES;
				CLANG_WARN_EMPTY_BODY = YES;
				CLANG_WARN_ENUM_CONVERSION = YES;
				CLANG_WARN_INFINITE_RECURSION = YES;
				CLANG_WARN_INT_CONVERSION = YES;
				CLANG_WARN_NON_LITERAL_NULL_CONVERSION = YES;
				CLANG_WARN_OBJC_IMPLICIT_RETAIN_SELF = YES;
				CLANG_WARN_OBJC_LITERAL_CONVERSION = YES;
				CLANG_WARN_OBJC_ROOT_CLASS = YES_ERROR;
				CLANG_WARN_QUOTED_INCLUDE_IN_FRAMEWORK_HEADER = YES;
				CLANG_WARN_RANGE_LOOP_ANALYSIS = YES;
				CLANG_WARN_STRICT_PROTOTYPES = YES;
				CLANG_WARN_SUSPICIOUS_MOVE = YES;
				CLANG_WARN_UNGUARDED_AVAILABILITY = YES_AGGRESSIVE;
				CLANG_WARN_UNREACHABLE_CODE = YES;
				CLANG_WARN__DUPLICATE_METHOD_MATCH = YES;
				COPY_PHASE_STRIP = NO;
				DEBUG_INFORMATION_FORMAT = dwarf;
				ENABLE_STRICT_OBJC_MSGSEND = YES;
				ENABLE_TESTABILITY = YES;
				GCC_C_LANGUAGE_STANDARD = gnu11;
				GCC_DYNAMIC_NO_PIC = NO;
				GCC_NO_COMMON_BLOCKS = YES;
				GCC_OPTIMIZATION_LEVEL = 0;
				GCC_PREPROCESSOR_DEFINITIONS = (
					"DEBUG=1",
					"$(inherited)",
				);
				GCC_WARN_64_TO_32_BIT_CONVERSION = YES;
				GCC_WARN_ABOUT_RETURN_TYPE = YES_ERROR;
				GCC_WARN_UNDECLARED_SELECTOR = YES;
				GCC_WARN_UNINITIALIZED_AUTOS = YES_AGGRESSIVE;
				GCC_WARN_UNUSED_FUNCTION = YES;
				GCC_WARN_UNUSED_VARIABLE = YES;
				IPHONEOS_DEPLOYMENT_TARGET = 15.0;
				MTL_ENABLE_DEBUG_INFO = INCLUDE_SOURCE;
				MTL_FAST_MATH = YES;
				ONLY_ACTIVE_ARCH = YES;
				SDKROOT = iphoneos;
				SWIFT_ACTIVE_COMPILATION_CONDITIONS = DEBUG;
				SWIFT_OPTIMIZATION_LEVEL = "-Onone";
			};
			name = Debug;
		};
		5BF5EEB6266FA330000838FC /* Release */ = {
			isa = XCBuildConfiguration;
			buildSettings = {
				ALWAYS_SEARCH_USER_PATHS = NO;
				CLANG_ANALYZER_NONNULL = YES;
				CLANG_ANALYZER_NUMBER_OBJECT_CONVERSION = YES_AGGRESSIVE;
				CLANG_CXX_LANGUAGE_STANDARD = "gnu++14";
				CLANG_CXX_LIBRARY = "libc++";
				CLANG_ENABLE_MODULES = YES;
				CLANG_ENABLE_OBJC_ARC = YES;
				CLANG_ENABLE_OBJC_WEAK = YES;
				CLANG_WARN_BLOCK_CAPTURE_AUTORELEASING = YES;
				CLANG_WARN_BOOL_CONVERSION = YES;
				CLANG_WARN_COMMA = YES;
				CLANG_WARN_CONSTANT_CONVERSION = YES;
				CLANG_WARN_DEPRECATED_OBJC_IMPLEMENTATIONS = YES;
				CLANG_WARN_DIRECT_OBJC_ISA_USAGE = YES_ERROR;
				CLANG_WARN_DOCUMENTATION_COMMENTS = YES;
				CLANG_WARN_EMPTY_BODY = YES;
				CLANG_WARN_ENUM_CONVERSION = YES;
				CLANG_WARN_INFINITE_RECURSION = YES;
				CLANG_WARN_INT_CONVERSION = YES;
				CLANG_WARN_NON_LITERAL_NULL_CONVERSION = YES;
				CLANG_WARN_OBJC_IMPLICIT_RETAIN_SELF = YES;
				CLANG_WARN_OBJC_LITERAL_CONVERSION = YES;
				CLANG_WARN_OBJC_ROOT_CLASS = YES_ERROR;
				CLANG_WARN_QUOTED_INCLUDE_IN_FRAMEWORK_HEADER = YES;
				CLANG_WARN_RANGE_LOOP_ANALYSIS = YES;
				CLANG_WARN_STRICT_PROTOTYPES = YES;
				CLANG_WARN_SUSPICIOUS_MOVE = YES;
				CLANG_WARN_UNGUARDED_AVAILABILITY = YES_AGGRESSIVE;
				CLANG_WARN_UNREACHABLE_CODE = YES;
				CLANG_WARN__DUPLICATE_METHOD_MATCH = YES;
				COPY_PHASE_STRIP = NO;
				DEBUG_INFORMATION_FORMAT = "dwarf-with-dsym";
				ENABLE_NS_ASSERTIONS = NO;
				ENABLE_STRICT_OBJC_MSGSEND = YES;
				GCC_C_LANGUAGE_STANDARD = gnu11;
				GCC_NO_COMMON_BLOCKS = YES;
				GCC_WARN_64_TO_32_BIT_CONVERSION = YES;
				GCC_WARN_ABOUT_RETURN_TYPE = YES_ERROR;
				GCC_WARN_UNDECLARED_SELECTOR = YES;
				GCC_WARN_UNINITIALIZED_AUTOS = YES_AGGRESSIVE;
				GCC_WARN_UNUSED_FUNCTION = YES;
				GCC_WARN_UNUSED_VARIABLE = YES;
				IPHONEOS_DEPLOYMENT_TARGET = 15.0;
				MTL_ENABLE_DEBUG_INFO = NO;
				MTL_FAST_MATH = YES;
				SDKROOT = iphoneos;
				SWIFT_COMPILATION_MODE = wholemodule;
				SWIFT_OPTIMIZATION_LEVEL = "-O";
				VALIDATE_PRODUCT = YES;
			};
			name = Release;
		};
		5BF5EEB8266FA330000838FC /* Debug */ = {
			isa = XCBuildConfiguration;
			buildSettings = {
				ASSETCATALOG_COMPILER_APPICON_NAME = AppIcon;
				ASSETCATALOG_COMPILER_GLOBAL_ACCENT_COLOR_NAME = AccentColor;
				CODE_SIGN_STYLE = Automatic;
				CURRENT_PROJECT_VERSION = 1;
				DEVELOPMENT_ASSET_PATHS = "\"Await/Preview Content\"";
				DEVELOPMENT_TEAM = WK7599VNDW;
				ENABLE_PREVIEWS = YES;
				GENERATE_INFOPLIST_FILE = YES;
				INFOPLIST_KEY_UIApplicationSceneManifest_Generation = YES;
				INFOPLIST_KEY_UIApplicationSupportsIndirectInputEvents = YES;
				INFOPLIST_KEY_UILaunchScreen_Generation = YES;
				INFOPLIST_KEY_UISupportedInterfaceOrientations_iPad = "UIInterfaceOrientationPortrait UIInterfaceOrientationPortraitUpsideDown UIInterfaceOrientationLandscapeLeft UIInterfaceOrientationLandscapeRight";
				INFOPLIST_KEY_UISupportedInterfaceOrientations_iPhone = "UIInterfaceOrientationPortrait UIInterfaceOrientationLandscapeLeft UIInterfaceOrientationLandscapeRight";
				IPHONEOS_DEPLOYMENT_TARGET = 15.0;
				LD_RUNPATH_SEARCH_PATHS = (
					"$(inherited)",
					"@executable_path/Frameworks",
				);
				MARKETING_VERSION = 1.0;
				PRODUCT_BUNDLE_IDENTIFIER = com.gbrlcm.Await;
				PRODUCT_NAME = "$(TARGET_NAME)";
				SWIFT_EMIT_LOC_STRINGS = YES;
				SWIFT_VERSION = 5.0;
				TARGETED_DEVICE_FAMILY = "1,2";
			};
			name = Debug;
		};
		5BF5EEB9266FA330000838FC /* Release */ = {
			isa = XCBuildConfiguration;
			buildSettings = {
				ASSETCATALOG_COMPILER_APPICON_NAME = AppIcon;
				ASSETCATALOG_COMPILER_GLOBAL_ACCENT_COLOR_NAME = AccentColor;
				CODE_SIGN_STYLE = Automatic;
				CURRENT_PROJECT_VERSION = 1;
				DEVELOPMENT_ASSET_PATHS = "\"Await/Preview Content\"";
				DEVELOPMENT_TEAM = WK7599VNDW;
				ENABLE_PREVIEWS = YES;
				GENERATE_INFOPLIST_FILE = YES;
				INFOPLIST_KEY_UIApplicationSceneManifest_Generation = YES;
				INFOPLIST_KEY_UIApplicationSupportsIndirectInputEvents = YES;
				INFOPLIST_KEY_UILaunchScreen_Generation = YES;
				INFOPLIST_KEY_UISupportedInterfaceOrientations_iPad = "UIInterfaceOrientationPortrait UIInterfaceOrientationPortraitUpsideDown UIInterfaceOrientationLandscapeLeft UIInterfaceOrientationLandscapeRight";
				INFOPLIST_KEY_UISupportedInterfaceOrientations_iPhone = "UIInterfaceOrientationPortrait UIInterfaceOrientationLandscapeLeft UIInterfaceOrientationLandscapeRight";
				IPHONEOS_DEPLOYMENT_TARGET = 15.0;
				LD_RUNPATH_SEARCH_PATHS = (
					"$(inherited)",
					"@executable_path/Frameworks",
				);
				MARKETING_VERSION = 1.0;
				PRODUCT_BUNDLE_IDENTIFIER = com.gbrlcm.Await;
				PRODUCT_NAME = "$(TARGET_NAME)";
				SWIFT_EMIT_LOC_STRINGS = YES;
				SWIFT_VERSION = 5.0;
				TARGETED_DEVICE_FAMILY = "1,2";
			};
			name = Release;
		};
/* End XCBuildConfiguration section */

/* Begin XCConfigurationList section */
		5B17F23D26703DE400516E62 /* Build configuration list for PBXNativeTarget "AwaitTests" */ = {
			isa = XCConfigurationList;
			buildConfigurations = (
				5B17F23E26703DE400516E62 /* Debug */,
				5B17F23F26703DE400516E62 /* Release */,
			);
			defaultConfigurationIsVisible = 0;
			defaultConfigurationName = Release;
		};
		5BF5EEA4266FA32D000838FC /* Build configuration list for PBXProject "Await" */ = {
			isa = XCConfigurationList;
			buildConfigurations = (
				5BF5EEB5266FA330000838FC /* Debug */,
				5BF5EEB6266FA330000838FC /* Release */,
			);
			defaultConfigurationIsVisible = 0;
			defaultConfigurationName = Release;
		};
		5BF5EEB7266FA330000838FC /* Build configuration list for PBXNativeTarget "Await" */ = {
			isa = XCConfigurationList;
			buildConfigurations = (
				5BF5EEB8266FA330000838FC /* Debug */,
				5BF5EEB9266FA330000838FC /* Release */,
			);
			defaultConfigurationIsVisible = 0;
			defaultConfigurationName = Release;
		};
/* End XCConfigurationList section */
	};
	rootObject = 5BF5EEA1266FA32D000838FC /* Project object */;
}
